
Microsoft Visual Studio Solution File, Format Version 12.00
# Visual Studio Version 17
VisualStudioVersion = 17.1.32319.34
MinimumVisualStudioVersion = 10.0.40219.1
Project("{9A19103F-16F7-4668-BE54-9A1E7A4F7556}") = "Cooperchip.ChartCryptoWithNgTemplate", "src\Cooperchip.ChartRealTime.Api\Cooperchip.ChartCryptoWithNgTemplate.csproj", "{61C09C53-25DB-46C7-A8E0-0AD91BBB515D}"
EndProject
Global
	GlobalSection(SolutionConfigurationPlatforms) = preSolution
		Debug|Any CPU = Debug|Any CPU
		Release|Any CPU = Release|Any CPU
	EndGlobalSection
	GlobalSection(ProjectConfigurationPlatforms) = postSolution
		{61C09C53-25DB-46C7-A8E0-0AD91BBB515D}.Debug|Any CPU.ActiveCfg = Debug|Any CPU
		{61C09C53-25DB-46C7-A8E0-0AD91BBB515D}.Debug|Any CPU.Build.0 = Debug|Any CPU
		{61C09C53-25DB-46C7-A8E0-0AD91BBB515D}.Release|Any CPU.ActiveCfg = Release|Any CPU
		{61C09C53-25DB-46C7-A8E0-0AD91BBB515D}.Release|Any CPU.Build.0 = Release|Any CPU
	EndGlobalSection
	GlobalSection(SolutionProperties) = preSolution
		HideSolutionNode = FALSE
	EndGlobalSection
	GlobalSection(ExtensibilityGlobals) = postSolution
		SolutionGuid = {0ED2FE66-ED54-4F5B-90AA-1906A4E4CBDE}
	EndGlobalSection
EndGlobal
